{
  "name": "growtez-examos",
  "lockfileVersion": 3,
  "requires": true,
  "packages": {
    "": {
      "name": "growtez-examos",
      "devDependencies": {
        "prettier": "^3.2.5",
        "turbo": "2.0.0",
        "typescript": "^5.4.5"
      }
    },
    "node_modules/prettier": {
      "version": "3.9.4",
      "resolved": "https://registry.npmjs.org/prettier/-/prettier-3.9.4.tgz",
      "integrity": "sha512-yWG/o/4oJfo036EKAfK6ACAoDOfHeRHx4tuxkfBZiauURiaSmYwlpOr5LQqKtIkRD2z1PLteme2WoxEnj4tHTg==",
      "dev": true,
      "license": "MIT",
      "bin": {
        "prettier": "bin/prettier.cjs"
      },
      "engines": {
        "node": ">=14"
      },
      "funding": {
        "url": "https://github.com/prettier/prettier?sponsor=1"
      }
    },
    "node_modules/turbo": {
      "version": "2.0.0",
      "resolved": "https://registry.npmjs.org/turbo/-/turbo-2.0.0.tgz",
      "integrity": "sha512-td36JTwFY+aIQiXYWaOHWOd9TVWs5HPssOVbfHW10FmWN2zC/+/ht2SyySxtMdNWcqRCYSsv+w1/uHXQm2vTkQ==",
      "dev": true,
      "license": "MIT",
      "bin": {
        "turbo": "bin/turbo"
      },
      "optionalDependencies": {
        "turbo-darwin-64": "2.0.0",
        "turbo-darwin-arm64": "2.0.0",
        "turbo-linux-64": "2.0.0",
        "turbo-linux-arm64": "2.0.0",
        "turbo-windows-64": "2.0.0",
        "turbo-windows-arm64": "2.0.0"
      }
    },
    "node_modules/turbo-darwin-64": {
      "version": "2.0.0",
      "resolved": "https://registry.npmjs.org/turbo-darwin-64/-/turbo-darwin-64-2.0.0.tgz",
      "integrity": "sha512-KpXgU4TrTpAEkOaYVqAXunxybZy2l/4u+8kJfFsED5sytG7v1QsOy1BT1iHf7Da0hSNZDNYJm7stsSmICiPQcQ==",
      "cpu": [
        "x64"
      ],
      "dev": true,
      "license": "MIT",
      "optional": true,
      "os": [
        "darwin"
      ]
    },
    "node_modules/turbo-darwin-arm64": {
      "version": "2.0.0",
      "resolved": "https://registry.npmjs.org/turbo-darwin-arm64/-/turbo-darwin-arm64-2.0.0.tgz",
      "integrity": "sha512-3AsKm5XznLunUHhmIzAael52lT8/GB6dfkDyn4H6zc8yKLlA+3i5YuhbgErWk9REy5hc00F6UigMM4N8eCKlfw==",
      "cpu": [
        "arm64"
      ],
      "dev": true,
      "license": "MIT",
      "optional": true,
      "os": [
        "darwin"
      ]
    },
    "node_modules/turbo-linux-64": {
      "version": "2.0.0",
      "resolved": "https://registry.npmjs.org/turbo-linux-64/-/turbo-linux-64-2.0.0.tgz",
      "integrity": "sha512-mk2WpIcBjTLM9l+cHBq9zsp5g+AJhEo3Upk/NBmyOxB6xmEVmkCDvwLhzuNo8VnuyF7SUGofoF1Tyu5jccr/nA==",
      "cpu": [
        "x64"
      ],
      "dev": true,
      "license": "MIT",
      "optional": true,
      "os": [
        "linux"
      ]
    },
    "node_modules/turbo-linux-arm64": {
      "version": "2.0.0",
      "resolved": "https://registry.npmjs.org/turbo-linux-arm64/-/turbo-linux-arm64-2.0.0.tgz",
      "integrity": "sha512-B1eVXr97XPEuMxGOlT9Oj/jTe3knGQxN0Lu8udITMw1b+kCNWxeCd/9QmTFL0SMUcb6rQk6BNI/KA+7PTchdpg==",
      "cpu": [
        "arm64"
      ],
      "dev": true,
      "license": "MIT",
      "optional": true,
      "os": [
        "linux"
      ]
    },
    "node_modules/turbo-windows-64": {
      "version": "2.0.0",
      "resolved": "https://registry.npmjs.org/turbo-windows-64/-/turbo-windows-64-2.0.0.tgz",
      "integrity": "sha512-rCGdSvDHReqkmz3la7mxmzX5Z46XVVzDzJjZg/6+sWaf1DPewkQIz58pBEjHKnBJm/L/yk16x1ap+EdFMwpSUw==",
      "cpu": [
        "x64"
      ],
      "dev": true,
      "license": "MIT",
      "optional": true,
      "os": [
        "win32"
      ]
    },
    "node_modules/turbo-windows-arm64": {
      "version": "2.0.0",
      "resolved": "https://registry.npmjs.org/turbo-windows-arm64/-/turbo-windows-arm64-2.0.0.tgz",
      "integrity": "sha512-IHpjN5/P2h8wuOKltXKOaAObZtgIf4YWQQEnwq1fU6yaCEXv1tNiY8RHil0kW4twtQ3jwLkkM/gTpyR6zt3CMg==",
      "cpu": [
        "arm64"
      ],
      "dev": true,
      "license": "MIT",
      "optional": true,
      "os": [
        "win32"
      ]
    },
    "node_modules/typescript": {
      "version": "5.9.3",
      "resolved": "https://registry.npmjs.org/typescript/-/typescript-5.9.3.tgz",
      "integrity": "sha512-jl1vZzPDinLr9eUt3J/t7V6FgNEw9QjvBPdysz9KfQDD41fQrC2Y4vKQdiaUpFT4bXlb1RHhLpp8wtm6M5TgSw==",
      "dev": true,
      "license": "Apache-2.0",
      "bin": {
        "tsc": "bin/tsc",
        "tsserver": "bin/tsserver"
      },
      "engines": {
        "node": ">=14.17"
      }
    }
  }
}
